
Microsoft Visual Studio Solution File, Format Version 12.00
# Visual Studio Version 17
VisualStudioVersion = 17.14.36603.0
MinimumVisualStudioVersion = 10.0.40219.1
Project("{FAE04EC0-301F-11D3-BF4B-00C04F79EFBC}") = "GerberParserSmartV4.0", "GerberParserSmartV4.0.csproj", "{A8D1EB6B-3A53-4464-BF4C-01FB8B2D4096}"
EndProject
Global
	GlobalSection(SolutionConfigurationPlatforms) = preSolution
		Debug|Any CPU = Debug|Any CPU
		Debug|x64 = Debug|x64
		Release|Any CPU = Release|Any CPU
		Release|x64 = Release|x64
	EndGlobalSection
	GlobalSection(ProjectConfigurationPlatforms) = postSolution
		{A8D1EB6B-3A53-4464-BF4C-01FB8B2D4096}.Debug|Any CPU.ActiveCfg = Debug|Any CPU
		{A8D1EB6B-3A53-4464-BF4C-01FB8B2D4096}.Debug|Any CPU.Build.0 = Debug|Any CPU
		{A8D1EB6B-3A53-4464-BF4C-01FB8B2D4096}.Debug|x64.ActiveCfg = Debug|x64
		{A8D1EB6B-3A53-4464-BF4C-01FB8B2D4096}.Debug|x64.Build.0 = Debug|x64
		{A8D1EB6B-3A53-4464-BF4C-01FB8B2D4096}.Release|Any CPU.ActiveCfg = Release|Any CPU
		{A8D1EB6B-3A53-4464-BF4C-01FB8B2D4096}.Release|Any CPU.Build.0 = Release|Any CPU
		{A8D1EB6B-3A53-4464-BF4C-01FB8B2D4096}.Release|x64.ActiveCfg = Release|x64
		{A8D1EB6B-3A53-4464-BF4C-01FB8B2D4096}.Release|x64.Build.0 = Release|x64
	EndGlobalSection
	GlobalSection(SolutionProperties) = preSolution
		HideSolutionNode = FALSE
	EndGlobalSection
	GlobalSection(ExtensibilityGlobals) = postSolution
		SolutionGuid = {CE0FB20A-E968-4E72-873B-D6FC3679C071}
	EndGlobalSection
EndGlobal
